// !$*UTF8*$!
{
	archiveVersion = 1;
	classes = {
	};
	objectVersion = 55;
	objects = {

/* Begin PBXBuildFile section */
		D6A978FF2A45CBE400939747 /* SwiftHeartApp.swift in Sources */ = {isa = PBXBuildFile; fileRef = D6A978FE2A45CBE400939747 /* SwiftHeartApp.swift */; };
		D6A979012A45CBE400939747 /* ContentView.swift in Sources */ = {isa = PBXBuildFile; fileRef = D6A979002A45CBE400939747 /* ContentView.swift */; };
		D6A979032A45CBE600939747 /* Assets.xcassets in Resources */ = {isa = PBXBuildFile; fileRef = D6A979022A45CBE600939747 /* Assets.xcassets */; };
		D6A979062A45CBE600939747 /* Preview Assets.xcassets in Resources */ = {isa = PBXBuildFile; fileRef = D6A979052A45CBE600939747 /* Preview Assets.xcassets */; };
		D6A979102A45CBE600939747 /* SwiftHeartTests.swift in Sources */ = {isa = PBXBuildFile; fileRef = D6A9790F2A45CBE600939747 /* SwiftHeartTests.swift */; };
		D6A9791A2A45CBE600939747 /* SwiftHeartUITests.swift in Sources */ = {isa = PBXBuildFile; fileRef = D6A979192A45CBE600939747 /* SwiftHeartUITests.swift */; };
		D6A9791C2A45CBE600939747 /* SwiftHeartUITestsLaunchTests.swift in Sources */ = {isa = PBXBuildFile; fileRef = D6A9791B2A45CBE600939747 /* SwiftHeartUITestsLaunchTests.swift */; };
/* End PBXBuildFile section */

/* Begin PBXContainerItemProxy section */
		D6A9790C2A45CBE600939747 /* PBXContainerItemProxy */ = {
			isa = PBXContainerItemProxy;
			containerPortal = D6A978F32A45CBE400939747 /* Project object */;
			proxyType = 1;
			remoteGlobalIDString = D6A978FA2A45CBE400939747;
			remoteInfo = SwiftHeart;
		};
		D6A979162A45CBE600939747 /* PBXContainerItemProxy */ = {
			isa = PBXContainerItemProxy;
			containerPortal = D6A978F32A45CBE400939747 /* Project object */;
			proxyType = 1;
			remoteGlobalIDString = D6A978FA2A45CBE400939747;
			remoteInfo = SwiftHeart;
		};
/* End PBXContainerItemProxy section */

/* Begin PBXFileReference section */
		D6A978FB2A45CBE400939747 /* SwiftHeart.app */ = {isa = PBXFileReference; explicitFileType = wrapper.application; includeInIndex = 0; path = SwiftHeart.app; sourceTree = BUILT_PRODUCTS_DIR; };
		D6A978FE2A45CBE400939747 /* SwiftHeartApp.swift */ = {isa = PBXFileReference; lastKnownFileType = sourcecode.swift; path = SwiftHeartApp.swift; sourceTree = "<group>"; };
		D6A979002A45CBE400939747 /* ContentView.swift */ = {isa = PBXFileReference; lastKnownFileType = sourcecode.swift; path = ContentView.swift; sourceTree = "<group>"; };
		D6A979022A45CBE600939747 /* Assets.xcassets */ = {isa = PBXFileReference; lastKnownFileType = folder.assetcatalog; path = Assets.xcassets; sourceTree = "<group>"; };
		D6A979052A45CBE600939747 /* Preview Assets.xcassets */ = {isa = PBXFileReference; lastKnownFileType = folder.assetcatalog; path = "Preview Assets.xcassets"; sourceTree = "<group>"; };
		D6A9790B2A45CBE600939747 /* SwiftHeartTests.xctest */ = {isa = PBXFileReference; explicitFileType = wrapper.cfbundle; includeInIndex = 0; path = SwiftHeartTests.xctest; sourceTree = BUILT_PRODUCTS_DIR; };
		D6A9790F2A45CBE600939747 /* SwiftHeartTests.swift */ = {isa = PBXFileReference; lastKnownFileType = sourcecode.swift; path = SwiftHeartTests.swift; sourceTree = "<group>"; };
		D6A979152A45CBE600939747 /* SwiftHeartUITests.xctest */ = {isa = PBXFileReference; explicitFileType = wrapper.cfbundle; includeInIndex = 0; path = SwiftHeartUITests.xctest; sourceTree = BUILT_PRODUCTS_DIR; };
		D6A979192A45CBE600939747 /* SwiftHeartUITests.swift */ = {isa = PBXFileReference; lastKnownFileType = sourcecode.swift; path = SwiftHeartUITests.swift; sourceTree = "<group>"; };
		D6A9791B2A45CBE600939747 /* SwiftHeartUITestsLaunchTests.swift */ = {isa = PBXFileReference; lastKnownFileType = sourcecode.swift; path = SwiftHeartUITestsLaunchTests.swift; sourceTree = "<group>"; };
/* End PBXFileReference section */

/* Begin PBXFrameworksBuildPhase section */
		D6A978F82A45CBE400939747 /* Frameworks */ = {
			isa = PBXFrameworksBuildPhase;
			buildActionMask = 2147483647;
			files = (
			);
			runOnlyForDeploymentPostprocessing = 0;
		};
		D6A979082A45CBE600939747 /* Frameworks */ = {
			isa = PBXFrameworksBuildPhase;
			buildActionMask = 2147483647;
			files = (
			);
			runOnlyForDeploymentPostprocessing = 0;
		};
		D6A979122A45CBE600939747 /* Frameworks */ = {
			isa = PBXFrameworksBuildPhase;
			buildActionMask = 2147483647;
			files = (
			);
			runOnlyForDeploymentPostprocessing = 0;
		};
/* End PBXFrameworksBuildPhase section */

/* Begin PBXGroup section */
		D6A978F22A45CBE400939747 = {
			isa = PBXGroup;
			children = (
				D6A978FD2A45CBE400939747 /* SwiftHeart */,
				D6A9790E2A45CBE600939747 /* SwiftHeartTests */,
				D6A979182A45CBE600939747 /* SwiftHeartUITests */,
				D6A978FC2A45CBE400939747 /* Products */,
			);
			sourceTree = "<group>";
		};
		D6A978FC2A45CBE400939747 /* Products */ = {
			isa = PBXGroup;
			children = (
				D6A978FB2A45CBE400939747 /* SwiftHeart.app */,
				D6A9790B2A45CBE600939747 /* SwiftHeartTests.xctest */,
				D6A979152A45CBE600939747 /* SwiftHeartUITests.xctest */,
			);
			name = Products;
			sourceTree = "<group>";
		};
		D6A978FD2A45CBE400939747 /* SwiftHeart */ = {
			isa = PBXGroup;
			children = (
				D6A978FE2A45CBE400939747 /* SwiftHeartApp.swift */,
				D6A979002A45CBE400939747 /* ContentView.swift */,
				D6A979022A45CBE600939747 /* Assets.xcassets */,
				D6A979042A45CBE600939747 /* Preview Content */,
			);
			path = SwiftHeart;
			sourceTree = "<group>";
		};
		D6A979042A45CBE600939747 /* Preview Content */ = {
			isa = PBXGroup;
			children = (
				D6A979052A45CBE600939747 /* Preview Assets.xcassets */,
			);
			path = "Preview Content";
			sourceTree = "<group>";
		};
		D6A9790E2A45CBE600939747 /* SwiftHeartTests */ = {
			isa = PBXGroup;
			children = (
				D6A9790F2A45CBE600939747 /* SwiftHeartTests.swift */,
			);
			path = SwiftHeartTests;
			sourceTree = "<group>";
		};
		D6A979182A45CBE600939747 /* SwiftHeartUITests */ = {
			isa = PBXGroup;
			children = (
				D6A979192A45CBE600939747 /* SwiftHeartUITests.swift */,
				D6A9791B2A45CBE600939747 /* SwiftHeartUITestsLaunchTests.swift */,
			);
			path = SwiftHeartUITests;
			sourceTree = "<group>";
		};
/* End PBXGroup section */

/* Begin PBXNativeTarget section */
		D6A978FA2A45CBE400939747 /* SwiftHeart */ = {
			isa = PBXNativeTarget;
			buildConfigurationList = D6A9791F2A45CBE600939747 /* Build configuration list for PBXNativeTarget "SwiftHeart" */;
			buildPhases = (
				D6A978F72A45CBE400939747 /* Sources */,
				D6A978F82A45CBE400939747 /* Frameworks */,
				D6A978F92A45CBE400939747 /* Resources */,
			);
			buildRules = (
			);
			dependencies = (
			);
			name = SwiftHeart;
			productName = SwiftHeart;
			productReference = D6A978FB2A45CBE400939747 /* SwiftHeart.app */;
			productType = "com.apple.product-type.application";
		};
		D6A9790A2A45CBE600939747 /* SwiftHeartTests */ = {
			isa = PBXNativeTarget;
			buildConfigurationList = D6A979222A45CBE600939747 /* Build configuration list for PBXNativeTarget "SwiftHeartTests" */;
			buildPhases = (
				D6A979072A45CBE600939747 /* Sources */,
				D6A979082A45CBE600939747 /* Frameworks */,
				D6A979092A45CBE600939747 /* Resources */,
			);
			buildRules = (
			);
			dependencies = (
				D6A9790D2A45CBE600939747 /* PBXTargetDependency */,
			);
			name = SwiftHeartTests;
			productName = SwiftHeartTests;
			productReference = D6A9790B2A45CBE600939747 /* SwiftHeartTests.xctest */;
			productType = "com.apple.product-type.bundle.unit-test";
		};
		D6A979142A45CBE600939747 /* SwiftHeartUITests */ = {
			isa = PBXNativeTarget;
			buildConfigurationList = D6A979252A45CBE600939747 /* Build configuration list for PBXNativeTarget "SwiftHeartUITests" */;
			buildPhases = (
				D6A979112A45CBE600939747 /* Sources */,
				D6A979122A45CBE600939747 /* Frameworks */,
				D6A979132A45CBE600939747 /* Resources */,
			);
			buildRules = (
			);
			dependencies = (
				D6A979172A45CBE600939747 /* PBXTargetDependency */,
			);
			name = SwiftHeartUITests;
			productName = SwiftHeartUITests;
			productReference = D6A979152A45CBE600939747 /* SwiftHeartUITests.xctest */;
			productType = "com.apple.product-type.bundle.ui-testing";
		};
/* End PBXNativeTarget section */

/* Begin PBXProject section */
		D6A978F32A45CBE400939747 /* Project object */ = {
			isa = PBXProject;
			attributes = {
				BuildIndependentTargetsInParallel = 1;
				LastSwiftUpdateCheck = 1320;
				LastUpgradeCheck = 1320;
				TargetAttributes = {
					D6A978FA2A45CBE400939747 = {
						CreatedOnToolsVersion = 13.2.1;
					};
					D6A9790A2A45CBE600939747 = {
						CreatedOnToolsVersion = 13.2.1;
						TestTargetID = D6A978FA2A45CBE400939747;
					};
					D6A979142A45CBE600939747 = {
						CreatedOnToolsVersion = 13.2.1;
						TestTargetID = D6A978FA2A45CBE400939747;
					};
				};
			};
			buildConfigurationList = D6A978F62A45CBE400939747 /* Build configuration list for PBXProject "SwiftHeart" */;
			compatibilityVersion = "Xcode 13.0";
			developmentRegion = en;
			hasScannedForEncodings = 0;
			knownRegions = (
				en,
				Base,
			);
			mainGroup = D6A978F22A45CBE400939747;
			productRefGroup = D6A978FC2A45CBE400939747 /* Products */;
			projectDirPath = "";
			projectRoot = "";
			targets = (
				D6A978FA2A45CBE400939747 /* SwiftHeart */,
				D6A9790A2A45CBE600939747 /* SwiftHeartTests */,
				D6A979142A45CBE600939747 /* SwiftHeartUITests */,
			);
		};
/* End PBXProject section */

/* Begin PBXResourcesBuildPhase section */
		D6A978F92A45CBE400939747 /* Resources */ = {
			isa = PBXResourcesBuildPhase;
			buildActionMask = 2147483647;
			files = (
				D6A979062A45CBE600939747 /* Preview Assets.xcassets in Resources */,
				D6A979032A45CBE600939747 /* Assets.xcassets in Resources */,
			);
			runOnlyForDeploymentPostprocessing = 0;
		};
		D6A979092A45CBE600939747 /* Resources */ = {
			isa = PBXResourcesBuildPhase;
			buildActionMask = 2147483647;
			files = (
			);
			runOnlyForDeploymentPostprocessing = 0;
		};
		D6A979132A45CBE600939747 /* Resources */ = {
			isa = PBXResourcesBuildPhase;
			buildActionMask = 2147483647;
			files = (
			);
			runOnlyForDeploymentPostprocessing = 0;
		};
/* End PBXResourcesBuildPhase section */

/* Begin PBXSourcesBuildPhase section */
		D6A978F72A45CBE400939747 /* Sources */ = {
			isa = PBXSourcesBuildPhase;
			buildActionMask = 2147483647;
			files = (
				D6A979012A45CBE400939747 /* ContentView.swift in Sources */,
				D6A978FF2A45CBE400939747 /* SwiftHeartApp.swift in Sources */,
			);
			runOnlyForDeploymentPostprocessing = 0;
		};
		D6A979072A45CBE600939747 /* Sources */ = {
			isa = PBXSourcesBuildPhase;
			buildActionMask = 2147483647;
			files = (
				D6A979102A45CBE600939747 /* SwiftHeartTests.swift in Sources */,
			);
			runOnlyForDeploymentPostprocessing = 0;
		};
		D6A979112A45CBE600939747 /* Sources */ = {
			isa = PBXSourcesBuildPhase;
			buildActionMask = 2147483647;
			files = (
				D6A9791A2A45CBE600939747 /* SwiftHeartUITests.swift in Sources */,
				D6A9791C2A45CBE600939747 /* SwiftHeartUITestsLaunchTests.swift in Sources */,
			);
			runOnlyForDeploymentPostprocessing = 0;
		};
/* End PBXSourcesBuildPhase section */

/* Begin PBXTargetDependency section */
		D6A9790D2A45CBE600939747 /* PBXTargetDependency */ = {
			isa = PBXTargetDependency;
			target = D6A978FA2A45CBE400939747 /* SwiftHeart */;
			targetProxy = D6A9790C2A45CBE600939747 /* PBXContainerItemProxy */;
		};
		D6A979172A45CBE600939747 /* PBXTargetDependency */ = {
			isa = PBXTargetDependency;
			target = D6A978FA2A45CBE400939747 /* SwiftHeart */;
			targetProxy = D6A979162A45CBE600939747 /* PBXContainerItemProxy */;
		};
/* End PBXTargetDependency section */

/* Begin XCBuildConfiguration section */
		D6A9791D2A45CBE600939747 /* Debug */ = {
			isa = XCBuildConfiguration;
			buildSettings = {
				ALWAYS_SEARCH_USER_PATHS = NO;
				CLANG_ANALYZER_NONNULL = YES;
				CLANG_ANALYZER_NUMBER_OBJECT_CONVERSION = YES_AGGRESSIVE;
				CLANG_CXX_LANGUAGE_STANDARD = "gnu++17";
				CLANG_CXX_LIBRARY = "libc++";
				CLANG_ENABLE_MODULES = YES;
				CLANG_ENABLE_OBJC_ARC = YES;
				CLANG_ENABLE_OBJC_WEAK = YES;
				CLANG_WARN_BLOCK_CAPTURE_AUTORELEASING = YES;
				CLANG_WARN_BOOL_CONVERSION = YES;
				CLANG_WARN_COMMA = YES;
				CLANG_WARN_CONSTANT_CONVERSION = YES;
				CLANG_WARN_DEPRECATED_OBJC_IMPLEMENTATIONS = YES;
				CLANG_WARN_DIRECT_OBJC_ISA_USAGE = YES_ERROR;
				CLANG_WARN_DOCUMENTATION_COMMENTS = YES;
				CLANG_WARN_EMPTY_BODY = YES;
				CLANG_WARN_ENUM_CONVERSION = YES;
				CLANG_WARN_INFINITE_RECURSION = YES;
				CLANG_WARN_INT_CONVERSION = YES;
				CLANG_WARN_NON_LITERAL_NULL_CONVERSION = YES;
				CLANG_WARN_OBJC_IMPLICIT_RETAIN_SELF = YES;
				CLANG_WARN_OBJC_LITERAL_CONVERSION = YES;
				CLANG_WARN_OBJC_ROOT_CLASS = YES_ERROR;
				CLANG_WARN_QUOTED_INCLUDE_IN_FRAMEWORK_HEADER = YES;
				CLANG_WARN_RANGE_LOOP_ANALYSIS = YES;
				CLANG_WARN_STRICT_PROTOTYPES = YES;
				CLANG_WARN_SUSPICIOUS_MOVE = YES;
				CLANG_WARN_UNGUARDED_AVAILABILITY = YES_AGGRESSIVE;
				CLANG_WARN_UNREACHABLE_CODE = YES;
				CLANG_WARN__DUPLICATE_METHOD_MATCH = YES;
				COPY_PHASE_STRIP = NO;
				DEBUG_INFORMATION_FORMAT = dwarf;
				ENABLE_STRICT_OBJC_MSGSEND = YES;
				ENABLE_TESTABILITY = YES;
				GCC_C_LANGUAGE_STANDARD = gnu11;
				GCC_DYNAMIC_NO_PIC = NO;
				GCC_NO_COMMON_BLOCKS = YES;
				GCC_OPTIMIZATION_LEVEL = 0;
				GCC_PREPROCESSOR_DEFINITIONS = (
					"DEBUG=1",
					"$(inherited)",
				);
				GCC_WARN_64_TO_32_BIT_CONVERSION = YES;
				GCC_WARN_ABOUT_RETURN_TYPE = YES_ERROR;
				GCC_WARN_UNDECLARED_SELECTOR = YES;
				GCC_WARN_UNINITIALIZED_AUTOS = YES_AGGRESSIVE;
				GCC_WARN_UNUSED_FUNCTION = YES;
				GCC_WARN_UNUSED_VARIABLE = YES;
				IPHONEOS_DEPLOYMENT_TARGET = 15.2;
				MTL_ENABLE_DEBUG_INFO = INCLUDE_SOURCE;
				MTL_FAST_MATH = YES;
				ONLY_ACTIVE_ARCH = YES;
				SDKROOT = iphoneos;
				SWIFT_ACTIVE_COMPILATION_CONDITIONS = DEBUG;
				SWIFT_OPTIMIZATION_LEVEL = "-Onone";
			};
			name = Debug;
		};
		D6A9791E2A45CBE600939747 /* Release */ = {
			isa = XCBuildConfiguration;
			buildSettings = {
				ALWAYS_SEARCH_USER_PATHS = NO;
				CLANG_ANALYZER_NONNULL = YES;
				CLANG_ANALYZER_NUMBER_OBJECT_CONVERSION = YES_AGGRESSIVE;
				CLANG_CXX_LANGUAGE_STANDARD = "gnu++17";
				CLANG_CXX_LIBRARY = "libc++";
				CLANG_ENABLE_MODULES = YES;
				CLANG_ENABLE_OBJC_ARC = YES;
				CLANG_ENABLE_OBJC_WEAK = YES;
				CLANG_WARN_BLOCK_CAPTURE_AUTORELEASING = YES;
				CLANG_WARN_BOOL_CONVERSION = YES;
				CLANG_WARN_COMMA = YES;
				CLANG_WARN_CONSTANT_CONVERSION = YES;
				CLANG_WARN_DEPRECATED_OBJC_IMPLEMENTATIONS = YES;
				CLANG_WARN_DIRECT_OBJC_ISA_USAGE = YES_ERROR;
				CLANG_WARN_DOCUMENTATION_COMMENTS = YES;
				CLANG_WARN_EMPTY_BODY = YES;
				CLANG_WARN_ENUM_CONVERSION = YES;
				CLANG_WARN_INFINITE_RECURSION = YES;
				CLANG_WARN_INT_CONVERSION = YES;
				CLANG_WARN_NON_LITERAL_NULL_CONVERSION = YES;
				CLANG_WARN_OBJC_IMPLICIT_RETAIN_SELF = YES;
				CLANG_WARN_OBJC_LITERAL_CONVERSION = YES;
				CLANG_WARN_OBJC_ROOT_CLASS = YES_ERROR;
				CLANG_WARN_QUOTED_INCLUDE_IN_FRAMEWORK_HEADER = YES;
				CLANG_WARN_RANGE_LOOP_ANALYSIS = YES;
				CLANG_WARN_STRICT_PROTOTYPES = YES;
				CLANG_WARN_SUSPICIOUS_MOVE = YES;
				CLANG_WARN_UNGUARDED_AVAILABILITY = YES_AGGRESSIVE;
				CLANG_WARN_UNREACHABLE_CODE = YES;
				CLANG_WARN__DUPLICATE_METHOD_MATCH = YES;
				COPY_PHASE_STRIP = NO;
				DEBUG_INFORMATION_FORMAT = "dwarf-with-dsym";
				ENABLE_NS_ASSERTIONS = NO;
				ENABLE_STRICT_OBJC_MSGSEND = YES;
				GCC_C_LANGUAGE_STANDARD = gnu11;
				GCC_NO_COMMON_BLOCKS = YES;
				GCC_WARN_64_TO_32_BIT_CONVERSION = YES;
				GCC_WARN_ABOUT_RETURN_TYPE = YES_ERROR;
				GCC_WARN_UNDECLARED_SELECTOR = YES;
				GCC_WARN_UNINITIALIZED_AUTOS = YES_AGGRESSIVE;
				GCC_WARN_UNUSED_FUNCTION = YES;
				GCC_WARN_UNUSED_VARIABLE = YES;
				IPHONEOS_DEPLOYMENT_TARGET = 15.2;
				MTL_ENABLE_DEBUG_INFO = NO;
				MTL_FAST_MATH = YES;
				SDKROOT = iphoneos;
				SWIFT_COMPILATION_MODE = wholemodule;
				SWIFT_OPTIMIZATION_LEVEL = "-O";
				VALIDATE_PRODUCT = YES;
			};
			name = Release;
		};
		D6A979202A45CBE600939747 /* Debug */ = {
			isa = XCBuildConfiguration;
			buildSettings = {
				ASSETCATALOG_COMPILER_APPICON_NAME = AppIcon;
				ASSETCATALOG_COMPILER_GLOBAL_ACCENT_COLOR_NAME = AccentColor;
				CODE_SIGN_STYLE = Automatic;
				CURRENT_PROJECT_VERSION = 1;
				DEVELOPMENT_ASSET_PATHS = "\"SwiftHeart/Preview Content\"";
				DEVELOPMENT_TEAM = K6LJCT8RAA;
				ENABLE_PREVIEWS = YES;
				GENERATE_INFOPLIST_FILE = YES;
				INFOPLIST_KEY_UIApplicationSceneManifest_Generation = YES;
				INFOPLIST_KEY_UIApplicationSupportsIndirectInputEvents = YES;
				INFOPLIST_KEY_UILaunchScreen_Generation = YES;
				INFOPLIST_KEY_UISupportedInterfaceOrientations_iPad = "UIInterfaceOrientationPortrait UIInterfaceOrientationPortraitUpsideDown UIInterfaceOrientationLandscapeLeft UIInterfaceOrientationLandscapeRight";
				INFOPLIST_KEY_UISupportedInterfaceOrientations_iPhone = "UIInterfaceOrientationPortrait UIInterfaceOrientationLandscapeLeft UIInterfaceOrientationLandscapeRight";
				LD_RUNPATH_SEARCH_PATHS = (
					"$(inherited)",
					"@executable_path/Frameworks",
				);
				MARKETING_VERSION = 1.0;
				PRODUCT_BUNDLE_IDENTIFIER = com.ios.SwiftHeart;
				PRODUCT_NAME = "$(TARGET_NAME)";
				SWIFT_EMIT_LOC_STRINGS = YES;
				SWIFT_VERSION = 5.0;
				TARGETED_DEVICE_FAMILY = "1,2";
			};
			name = Debug;
		};
		D6A979212A45CBE600939747 /* Release */ = {
			isa = XCBuildConfiguration;
			buildSettings = {
				ASSETCATALOG_COMPILER_APPICON_NAME = AppIcon;
				ASSETCATALOG_COMPILER_GLOBAL_ACCENT_COLOR_NAME = AccentColor;
				CODE_SIGN_STYLE = Automatic;
				CURRENT_PROJECT_VERSION = 1;
				DEVELOPMENT_ASSET_PATHS = "\"SwiftHeart/Preview Content\"";
				DEVELOPMENT_TEAM = K6LJCT8RAA;
				ENABLE_PREVIEWS = YES;
				GENERATE_INFOPLIST_FILE = YES;
				INFOPLIST_KEY_UIApplicationSceneManifest_Generation = YES;
				INFOPLIST_KEY_UIApplicationSupportsIndirectInputEvents = YES;
				INFOPLIST_KEY_UILaunchScreen_Generation = YES;
				INFOPLIST_KEY_UISupportedInterfaceOrientations_iPad = "UIInterfaceOrientationPortrait UIInterfaceOrientationPortraitUpsideDown UIInterfaceOrientationLandscapeLeft UIInterfaceOrientationLandscapeRight";
				INFOPLIST_KEY_UISupportedInterfaceOrientations_iPhone = "UIInterfaceOrientationPortrait UIInterfaceOrientationLandscapeLeft UIInterfaceOrientationLandscapeRight";
				LD_RUNPATH_SEARCH_PATHS = (
					"$(inherited)",
					"@executable_path/Frameworks",
				);
				MARKETING_VERSION = 1.0;
				PRODUCT_BUNDLE_IDENTIFIER = com.ios.SwiftHeart;
				PRODUCT_NAME = "$(TARGET_NAME)";
				SWIFT_EMIT_LOC_STRINGS = YES;
				SWIFT_VERSION = 5.0;
				TARGETED_DEVICE_FAMILY = "1,2";
			};
			name = Release;
		};
		D6A979232A45CBE600939747 /* Debug */ = {
			isa = XCBuildConfiguration;
			buildSettings = {
				ALWAYS_EMBED_SWIFT_STANDARD_LIBRARIES = YES;
				BUNDLE_LOADER = "$(TEST_HOST)";
				CODE_SIGN_STYLE = Automatic;
				CURRENT_PROJECT_VERSION = 1;
				DEVELOPMENT_TEAM = K6LJCT8RAA;
				GENERATE_INFOPLIST_FILE = YES;
				IPHONEOS_DEPLOYMENT_TARGET = 15.2;
				MARKETING_VERSION = 1.0;
				PRODUCT_BUNDLE_IDENTIFIER = com.ios.SwiftHeartTests;
				PRODUCT_NAME = "$(TARGET_NAME)";
				SWIFT_EMIT_LOC_STRINGS = NO;
				SWIFT_VERSION = 5.0;
				TARGETED_DEVICE_FAMILY = "1,2";
				TEST_HOST = "$(BUILT_PRODUCTS_DIR)/SwiftHeart.app/SwiftHeart";
			};
			name = Debug;
		};
		D6A979242A45CBE600939747 /* Release */ = {
			isa = XCBuildConfiguration;
			buildSettings = {
				ALWAYS_EMBED_SWIFT_STANDARD_LIBRARIES = YES;
				BUNDLE_LOADER = "$(TEST_HOST)";
				CODE_SIGN_STYLE = Automatic;
				CURRENT_PROJECT_VERSION = 1;
				DEVELOPMENT_TEAM = K6LJCT8RAA;
				GENERATE_INFOPLIST_FILE = YES;
				IPHONEOS_DEPLOYMENT_TARGET = 15.2;
				MARKETING_VERSION = 1.0;
				PRODUCT_BUNDLE_IDENTIFIER = com.ios.SwiftHeartTests;
				PRODUCT_NAME = "$(TARGET_NAME)";
				SWIFT_EMIT_LOC_STRINGS = NO;
				SWIFT_VERSION = 5.0;
				TARGETED_DEVICE_FAMILY = "1,2";
				TEST_HOST = "$(BUILT_PRODUCTS_DIR)/SwiftHeart.app/SwiftHeart";
			};
			name = Release;
		};
		D6A979262A45CBE600939747 /* Debug */ = {
			isa = XCBuildConfiguration;
			buildSettings = {
				ALWAYS_EMBED_SWIFT_STANDARD_LIBRARIES = YES;
				CODE_SIGN_STYLE = Automatic;
				CURRENT_PROJECT_VERSION = 1;
				DEVELOPMENT_TEAM = K6LJCT8RAA;
				GENERATE_INFOPLIST_FILE = YES;
				MARKETING_VERSION = 1.0;
				PRODUCT_BUNDLE_IDENTIFIER = com.ios.SwiftHeartUITests;
				PRODUCT_NAME = "$(TARGET_NAME)";
				SWIFT_EMIT_LOC_STRINGS = NO;
				SWIFT_VERSION = 5.0;
				TARGETED_DEVICE_FAMILY = "1,2";
				TEST_TARGET_NAME = SwiftHeart;
			};
			name = Debug;
		};
		D6A979272A45CBE600939747 /* Release */ = {
			isa = XCBuildConfiguration;
			buildSettings = {
				ALWAYS_EMBED_SWIFT_STANDARD_LIBRARIES = YES;
				CODE_SIGN_STYLE = Automatic;
				CURRENT_PROJECT_VERSION = 1;
				DEVELOPMENT_TEAM = K6LJCT8RAA;
				GENERATE_INFOPLIST_FILE = YES;
				MARKETING_VERSION = 1.0;
				PRODUCT_BUNDLE_IDENTIFIER = com.ios.SwiftHeartUITests;
				PRODUCT_NAME = "$(TARGET_NAME)";
				SWIFT_EMIT_LOC_STRINGS = NO;
				SWIFT_VERSION = 5.0;
				TARGETED_DEVICE_FAMILY = "1,2";
				TEST_TARGET_NAME = SwiftHeart;
			};
			name = Release;
		};
/* End XCBuildConfiguration section */

/* Begin XCConfigurationList section */
		D6A978F62A45CBE400939747 /* Build configuration list for PBXProject "SwiftHeart" */ = {
			isa = XCConfigurationList;
			buildConfigurations = (
				D6A9791D2A45CBE600939747 /* Debug */,
				D6A9791E2A45CBE600939747 /* Release */,
			);
			defaultConfigurationIsVisible = 0;
			defaultConfigurationName = Release;
		};
		D6A9791F2A45CBE600939747 /* Build configuration list for PBXNativeTarget "SwiftHeart" */ = {
			isa = XCConfigurationList;
			buildConfigurations = (
				D6A979202A45CBE600939747 /* Debug */,
				D6A979212A45CBE600939747 /* Release */,
			);
			defaultConfigurationIsVisible = 0;
			defaultConfigurationName = Release;
		};
		D6A979222A45CBE600939747 /* Build configuration list for PBXNativeTarget "SwiftHeartTests" */ = {
			isa = XCConfigurationList;
			buildConfigurations = (
				D6A979232A45CBE600939747 /* Debug */,
				D6A979242A45CBE600939747 /* Release */,
			);
			defaultConfigurationIsVisible = 0;
			defaultConfigurationName = Release;
		};
		D6A979252A45CBE600939747 /* Build configuration list for PBXNativeTarget "SwiftHeartUITests" */ = {
			isa = XCConfigurationList;
			buildConfigurations = (
				D6A979262A45CBE600939747 /* Debug */,
				D6A979272A45CBE600939747 /* Release */,
			);
			defaultConfigurationIsVisible = 0;
			defaultConfigurationName = Release;
		};
/* End XCConfigurationList section */
	};
	rootObject = D6A978F32A45CBE400939747 /* Project object */;
}
